// !$*UTF8*$!
{
	archiveVersion = 1;
	classes = {
	};
	objectVersion = 56;
	objects = {

/* Begin PBXBuildFile section */
		954FCC62293875E000F9BD75 /* SwiftUI_clipShape_circle_capsule_ellipse_RoundRectagle_AppApp.swift in Sources */ = {isa = PBXBuildFile; fileRef = 954FCC61293875E000F9BD75 /* SwiftUI_clipShape_circle_capsule_ellipse_RoundRectagle_AppApp.swift */; };
		954FCC64293875E000F9BD75 /* ContentView.swift in Sources */ = {isa = PBXBuildFile; fileRef = 954FCC63293875E000F9BD75 /* ContentView.swift */; };
		954FCC66293875E200F9BD75 /* Assets.xcassets in Resources */ = {isa = PBXBuildFile; fileRef = 954FCC65293875E200F9BD75 /* Assets.xcassets */; };
		954FCC69293875E200F9BD75 /* Preview Assets.xcassets in Resources */ = {isa = PBXBuildFile; fileRef = 954FCC68293875E200F9BD75 /* Preview Assets.xcassets */; };
		954FCC73293875E200F9BD75 /* SwiftUI_clipShape_circle_capsule_ellipse_RoundRectagle_AppTests.swift in Sources */ = {isa = PBXBuildFile; fileRef = 954FCC72293875E200F9BD75 /* SwiftUI_clipShape_circle_capsule_ellipse_RoundRectagle_AppTests.swift */; };
		954FCC7D293875E200F9BD75 /* SwiftUI_clipShape_circle_capsule_ellipse_RoundRectagle_AppUITests.swift in Sources */ = {isa = PBXBuildFile; fileRef = 954FCC7C293875E200F9BD75 /* SwiftUI_clipShape_circle_capsule_ellipse_RoundRectagle_AppUITests.swift */; };
		954FCC7F293875E200F9BD75 /* SwiftUI_clipShape_circle_capsule_ellipse_RoundRectagle_AppUITestsLaunchTests.swift in Sources */ = {isa = PBXBuildFile; fileRef = 954FCC7E293875E200F9BD75 /* SwiftUI_clipShape_circle_capsule_ellipse_RoundRectagle_AppUITestsLaunchTests.swift */; };
/* End PBXBuildFile section */

/* Begin PBXContainerItemProxy section */
		954FCC6F293875E200F9BD75 /* PBXContainerItemProxy */ = {
			isa = PBXContainerItemProxy;
			containerPortal = 954FCC56293875E000F9BD75 /* Project object */;
			proxyType = 1;
			remoteGlobalIDString = 954FCC5D293875E000F9BD75;
			remoteInfo = "SwiftUI-clipShape-circle-capsule-ellipse-RoundRectagle-App";
		};
		954FCC79293875E200F9BD75 /* PBXContainerItemProxy */ = {
			isa = PBXContainerItemProxy;
			containerPortal = 954FCC56293875E000F9BD75 /* Project object */;
			proxyType = 1;
			remoteGlobalIDString = 954FCC5D293875E000F9BD75;
			remoteInfo = "SwiftUI-clipShape-circle-capsule-ellipse-RoundRectagle-App";
		};
/* End PBXContainerItemProxy section */

/* Begin PBXFileReference section */
		954FCC5E293875E000F9BD75 /* SwiftUI-clipShape-circle-capsule-ellipse-RoundRectagle-App.app */ = {isa = PBXFileReference; explicitFileType = wrapper.application; includeInIndex = 0; path = "SwiftUI-clipShape-circle-capsule-ellipse-RoundRectagle-App.app"; sourceTree = BUILT_PRODUCTS_DIR; };
		954FCC61293875E000F9BD75 /* SwiftUI_clipShape_circle_capsule_ellipse_RoundRectagle_AppApp.swift */ = {isa = PBXFileReference; lastKnownFileType = sourcecode.swift; path = SwiftUI_clipShape_circle_capsule_ellipse_RoundRectagle_AppApp.swift; sourceTree = "<group>"; };
		954FCC63293875E000F9BD75 /* ContentView.swift */ = {isa = PBXFileReference; lastKnownFileType = sourcecode.swift; path = ContentView.swift; sourceTree = "<group>"; };
		954FCC65293875E200F9BD75 /* Assets.xcassets */ = {isa = PBXFileReference; lastKnownFileType = folder.assetcatalog; path = Assets.xcassets; sourceTree = "<group>"; };
		954FCC68293875E200F9BD75 /* Preview Assets.xcassets */ = {isa = PBXFileReference; lastKnownFileType = folder.assetcatalog; path = "Preview Assets.xcassets"; sourceTree = "<group>"; };
		954FCC6E293875E200F9BD75 /* SwiftUI-clipShape-circle-capsule-ellipse-RoundRectagle-AppTests.xctest */ = {isa = PBXFileReference; explicitFileType = wrapper.cfbundle; includeInIndex = 0; path = "SwiftUI-clipShape-circle-capsule-ellipse-RoundRectagle-AppTests.xctest"; sourceTree = BUILT_PRODUCTS_DIR; };
		954FCC72293875E200F9BD75 /* SwiftUI_clipShape_circle_capsule_ellipse_RoundRectagle_AppTests.swift */ = {isa = PBXFileReference; lastKnownFileType = sourcecode.swift; path = SwiftUI_clipShape_circle_capsule_ellipse_RoundRectagle_AppTests.swift; sourceTree = "<group>"; };
		954FCC78293875E200F9BD75 /* SwiftUI-clipShape-circle-capsule-ellipse-RoundRectagle-AppUITests.xctest */ = {isa = PBXFileReference; explicitFileType = wrapper.cfbundle; includeInIndex = 0; path = "SwiftUI-clipShape-circle-capsule-ellipse-RoundRectagle-AppUITests.xctest"; sourceTree = BUILT_PRODUCTS_DIR; };
		954FCC7C293875E200F9BD75 /* SwiftUI_clipShape_circle_capsule_ellipse_RoundRectagle_AppUITests.swift */ = {isa = PBXFileReference; lastKnownFileType = sourcecode.swift; path = SwiftUI_clipShape_circle_capsule_ellipse_RoundRectagle_AppUITests.swift; sourceTree = "<group>"; };
		954FCC7E293875E200F9BD75 /* SwiftUI_clipShape_circle_capsule_ellipse_RoundRectagle_AppUITestsLaunchTests.swift */ = {isa = PBXFileReference; lastKnownFileType = sourcecode.swift; path = SwiftUI_clipShape_circle_capsule_ellipse_RoundRectagle_AppUITestsLaunchTests.swift; sourceTree = "<group>"; };
/* End PBXFileReference section */

/* Begin PBXFrameworksBuildPhase section */
		954FCC5B293875E000F9BD75 /* Frameworks */ = {
			isa = PBXFrameworksBuildPhase;
			buildActionMask = 2147483647;
			files = (
			);
			runOnlyForDeploymentPostprocessing = 0;
		};
		954FCC6B293875E200F9BD75 /* Frameworks */ = {
			isa = PBXFrameworksBuildPhase;
			buildActionMask = 2147483647;
			files = (
			);
			runOnlyForDeploymentPostprocessing = 0;
		};
		954FCC75293875E200F9BD75 /* Frameworks */ = {
			isa = PBXFrameworksBuildPhase;
			buildActionMask = 2147483647;
			files = (
			);
			runOnlyForDeploymentPostprocessing = 0;
		};
/* End PBXFrameworksBuildPhase section */

/* Begin PBXGroup section */
		954FCC55293875E000F9BD75 = {
			isa = PBXGroup;
			children = (
				954FCC60293875E000F9BD75 /* SwiftUI-clipShape-circle-capsule-ellipse-RoundRectagle-App */,
				954FCC71293875E200F9BD75 /* SwiftUI-clipShape-circle-capsule-ellipse-RoundRectagle-AppTests */,
				954FCC7B293875E200F9BD75 /* SwiftUI-clipShape-circle-capsule-ellipse-RoundRectagle-AppUITests */,
				954FCC5F293875E000F9BD75 /* Products */,
			);
			sourceTree = "<group>";
		};
		954FCC5F293875E000F9BD75 /* Products */ = {
			isa = PBXGroup;
			children = (
				954FCC5E293875E000F9BD75 /* SwiftUI-clipShape-circle-capsule-ellipse-RoundRectagle-App.app */,
				954FCC6E293875E200F9BD75 /* SwiftUI-clipShape-circle-capsule-ellipse-RoundRectagle-AppTests.xctest */,
				954FCC78293875E200F9BD75 /* SwiftUI-clipShape-circle-capsule-ellipse-RoundRectagle-AppUITests.xctest */,
			);
			name = Products;
			sourceTree = "<group>";
		};
		954FCC60293875E000F9BD75 /* SwiftUI-clipShape-circle-capsule-ellipse-RoundRectagle-App */ = {
			isa = PBXGroup;
			children = (
				954FCC61293875E000F9BD75 /* SwiftUI_clipShape_circle_capsule_ellipse_RoundRectagle_AppApp.swift */,
				954FCC63293875E000F9BD75 /* ContentView.swift */,
				954FCC65293875E200F9BD75 /* Assets.xcassets */,
				954FCC67293875E200F9BD75 /* Preview Content */,
			);
			path = "SwiftUI-clipShape-circle-capsule-ellipse-RoundRectagle-App";
			sourceTree = "<group>";
		};
		954FCC67293875E200F9BD75 /* Preview Content */ = {
			isa = PBXGroup;
			children = (
				954FCC68293875E200F9BD75 /* Preview Assets.xcassets */,
			);
			path = "Preview Content";
			sourceTree = "<group>";
		};
		954FCC71293875E200F9BD75 /* SwiftUI-clipShape-circle-capsule-ellipse-RoundRectagle-AppTests */ = {
			isa = PBXGroup;
			children = (
				954FCC72293875E200F9BD75 /* SwiftUI_clipShape_circle_capsule_ellipse_RoundRectagle_AppTests.swift */,
			);
			path = "SwiftUI-clipShape-circle-capsule-ellipse-RoundRectagle-AppTests";
			sourceTree = "<group>";
		};
		954FCC7B293875E200F9BD75 /* SwiftUI-clipShape-circle-capsule-ellipse-RoundRectagle-AppUITests */ = {
			isa = PBXGroup;
			children = (
				954FCC7C293875E200F9BD75 /* SwiftUI_clipShape_circle_capsule_ellipse_RoundRectagle_AppUITests.swift */,
				954FCC7E293875E200F9BD75 /* SwiftUI_clipShape_circle_capsule_ellipse_RoundRectagle_AppUITestsLaunchTests.swift */,
			);
			path = "SwiftUI-clipShape-circle-capsule-ellipse-RoundRectagle-AppUITests";
			sourceTree = "<group>";
		};
/* End PBXGroup section */

/* Begin PBXNativeTarget section */
		954FCC5D293875E000F9BD75 /* SwiftUI-clipShape-circle-capsule-ellipse-RoundRectagle-App */ = {
			isa = PBXNativeTarget;
			buildConfigurationList = 954FCC82293875E200F9BD75 /* Build configuration list for PBXNativeTarget "SwiftUI-clipShape-circle-capsule-ellipse-RoundRectagle-App" */;
			buildPhases = (
				954FCC5A293875E000F9BD75 /* Sources */,
				954FCC5B293875E000F9BD75 /* Frameworks */,
				954FCC5C293875E000F9BD75 /* Resources */,
			);
			buildRules = (
			);
			dependencies = (
			);
			name = "SwiftUI-clipShape-circle-capsule-ellipse-RoundRectagle-App";
			productName = "SwiftUI-clipShape-circle-capsule-ellipse-RoundRectagle-App";
			productReference = 954FCC5E293875E000F9BD75 /* SwiftUI-clipShape-circle-capsule-ellipse-RoundRectagle-App.app */;
			productType = "com.apple.product-type.application";
		};
		954FCC6D293875E200F9BD75 /* SwiftUI-clipShape-circle-capsule-ellipse-RoundRectagle-AppTests */ = {
			isa = PBXNativeTarget;
			buildConfigurationList = 954FCC85293875E200F9BD75 /* Build configuration list for PBXNativeTarget "SwiftUI-clipShape-circle-capsule-ellipse-RoundRectagle-AppTests" */;
			buildPhases = (
				954FCC6A293875E200F9BD75 /* Sources */,
				954FCC6B293875E200F9BD75 /* Frameworks */,
				954FCC6C293875E200F9BD75 /* Resources */,
			);
			buildRules = (
			);
			dependencies = (
				954FCC70293875E200F9BD75 /* PBXTargetDependency */,
			);
			name = "SwiftUI-clipShape-circle-capsule-ellipse-RoundRectagle-AppTests";
			productName = "SwiftUI-clipShape-circle-capsule-ellipse-RoundRectagle-AppTests";
			productReference = 954FCC6E293875E200F9BD75 /* SwiftUI-clipShape-circle-capsule-ellipse-RoundRectagle-AppTests.xctest */;
			productType = "com.apple.product-type.bundle.unit-test";
		};
		954FCC77293875E200F9BD75 /* SwiftUI-clipShape-circle-capsule-ellipse-RoundRectagle-AppUITests */ = {
			isa = PBXNativeTarget;
			buildConfigurationList = 954FCC88293875E200F9BD75 /* Build configuration list for PBXNativeTarget "SwiftUI-clipShape-circle-capsule-ellipse-RoundRectagle-AppUITests" */;
			buildPhases = (
				954FCC74293875E200F9BD75 /* Sources */,
				954FCC75293875E200F9BD75 /* Frameworks */,
				954FCC76293875E200F9BD75 /* Resources */,
			);
			buildRules = (
			);
			dependencies = (
				954FCC7A293875E200F9BD75 /* PBXTargetDependency */,
			);
			name = "SwiftUI-clipShape-circle-capsule-ellipse-RoundRectagle-AppUITests";
			productName = "SwiftUI-clipShape-circle-capsule-ellipse-RoundRectagle-AppUITests";
			productReference = 954FCC78293875E200F9BD75 /* SwiftUI-clipShape-circle-capsule-ellipse-RoundRectagle-AppUITests.xctest */;
			productType = "com.apple.product-type.bundle.ui-testing";
		};
/* End PBXNativeTarget section */

/* Begin PBXProject section */
		954FCC56293875E000F9BD75 /* Project object */ = {
			isa = PBXProject;
			attributes = {
				BuildIndependentTargetsInParallel = 1;
				LastSwiftUpdateCheck = 1410;
				LastUpgradeCheck = 1410;
				TargetAttributes = {
					954FCC5D293875E000F9BD75 = {
						CreatedOnToolsVersion = 14.1;
					};
					954FCC6D293875E200F9BD75 = {
						CreatedOnToolsVersion = 14.1;
						TestTargetID = 954FCC5D293875E000F9BD75;
					};
					954FCC77293875E200F9BD75 = {
						CreatedOnToolsVersion = 14.1;
						TestTargetID = 954FCC5D293875E000F9BD75;
					};
				};
			};
			buildConfigurationList = 954FCC59293875E000F9BD75 /* Build configuration list for PBXProject "SwiftUI-clipShape-circle-capsule-ellipse-RoundRectagle-App" */;
			compatibilityVersion = "Xcode 14.0";
			developmentRegion = en;
			hasScannedForEncodings = 0;
			knownRegions = (
				en,
				Base,
			);
			mainGroup = 954FCC55293875E000F9BD75;
			productRefGroup = 954FCC5F293875E000F9BD75 /* Products */;
			projectDirPath = "";
			projectRoot = "";
			targets = (
				954FCC5D293875E000F9BD75 /* SwiftUI-clipShape-circle-capsule-ellipse-RoundRectagle-App */,
				954FCC6D293875E200F9BD75 /* SwiftUI-clipShape-circle-capsule-ellipse-RoundRectagle-AppTests */,
				954FCC77293875E200F9BD75 /* SwiftUI-clipShape-circle-capsule-ellipse-RoundRectagle-AppUITests */,
			);
		};
/* End PBXProject section */

/* Begin PBXResourcesBuildPhase section */
		954FCC5C293875E000F9BD75 /* Resources */ = {
			isa = PBXResourcesBuildPhase;
			buildActionMask = 2147483647;
			files = (
				954FCC69293875E200F9BD75 /* Preview Assets.xcassets in Resources */,
				954FCC66293875E200F9BD75 /* Assets.xcassets in Resources */,
			);
			runOnlyForDeploymentPostprocessing = 0;
		};
		954FCC6C293875E200F9BD75 /* Resources */ = {
			isa = PBXResourcesBuildPhase;
			buildActionMask = 2147483647;
			files = (
			);
			runOnlyForDeploymentPostprocessing = 0;
		};
		954FCC76293875E200F9BD75 /* Resources */ = {
			isa = PBXResourcesBuildPhase;
			buildActionMask = 2147483647;
			files = (
			);
			runOnlyForDeploymentPostprocessing = 0;
		};
/* End PBXResourcesBuildPhase section */

/* Begin PBXSourcesBuildPhase section */
		954FCC5A293875E000F9BD75 /* Sources */ = {
			isa = PBXSourcesBuildPhase;
			buildActionMask = 2147483647;
			files = (
				954FCC64293875E000F9BD75 /* ContentView.swift in Sources */,
				954FCC62293875E000F9BD75 /* SwiftUI_clipShape_circle_capsule_ellipse_RoundRectagle_AppApp.swift in Sources */,
			);
			runOnlyForDeploymentPostprocessing = 0;
		};
		954FCC6A293875E200F9BD75 /* Sources */ = {
			isa = PBXSourcesBuildPhase;
			buildActionMask = 2147483647;
			files = (
				954FCC73293875E200F9BD75 /* SwiftUI_clipShape_circle_capsule_ellipse_RoundRectagle_AppTests.swift in Sources */,
			);
			runOnlyForDeploymentPostprocessing = 0;
		};
		954FCC74293875E200F9BD75 /* Sources */ = {
			isa = PBXSourcesBuildPhase;
			buildActionMask = 2147483647;
			files = (
				954FCC7D293875E200F9BD75 /* SwiftUI_clipShape_circle_capsule_ellipse_RoundRectagle_AppUITests.swift in Sources */,
				954FCC7F293875E200F9BD75 /* SwiftUI_clipShape_circle_capsule_ellipse_RoundRectagle_AppUITestsLaunchTests.swift in Sources */,
			);
			runOnlyForDeploymentPostprocessing = 0;
		};
/* End PBXSourcesBuildPhase section */

/* Begin PBXTargetDependency section */
		954FCC70293875E200F9BD75 /* PBXTargetDependency */ = {
			isa = PBXTargetDependency;
			target = 954FCC5D293875E000F9BD75 /* SwiftUI-clipShape-circle-capsule-ellipse-RoundRectagle-App */;
			targetProxy = 954FCC6F293875E200F9BD75 /* PBXContainerItemProxy */;
		};
		954FCC7A293875E200F9BD75 /* PBXTargetDependency */ = {
			isa = PBXTargetDependency;
			target = 954FCC5D293875E000F9BD75 /* SwiftUI-clipShape-circle-capsule-ellipse-RoundRectagle-App */;
			targetProxy = 954FCC79293875E200F9BD75 /* PBXContainerItemProxy */;
		};
/* End PBXTargetDependency section */

/* Begin XCBuildConfiguration section */
		954FCC80293875E200F9BD75 /* Debug */ = {
			isa = XCBuildConfiguration;
			buildSettings = {
				ALWAYS_SEARCH_USER_PATHS = NO;
				CLANG_ANALYZER_NONNULL = YES;
				CLANG_ANALYZER_NUMBER_OBJECT_CONVERSION = YES_AGGRESSIVE;
				CLANG_CXX_LANGUAGE_STANDARD = "gnu++20";
				CLANG_ENABLE_MODULES = YES;
				CLANG_ENABLE_OBJC_ARC = YES;
				CLANG_ENABLE_OBJC_WEAK = YES;
				CLANG_WARN_BLOCK_CAPTURE_AUTORELEASING = YES;
				CLANG_WARN_BOOL_CONVERSION = YES;
				CLANG_WARN_COMMA = YES;
				CLANG_WARN_CONSTANT_CONVERSION = YES;
				CLANG_WARN_DEPRECATED_OBJC_IMPLEMENTATIONS = YES;
				CLANG_WARN_DIRECT_OBJC_ISA_USAGE = YES_ERROR;
				CLANG_WARN_DOCUMENTATION_COMMENTS = YES;
				CLANG_WARN_EMPTY_BODY = YES;
				CLANG_WARN_ENUM_CONVERSION = YES;
				CLANG_WARN_INFINITE_RECURSION = YES;
				CLANG_WARN_INT_CONVERSION = YES;
				CLANG_WARN_NON_LITERAL_NULL_CONVERSION = YES;
				CLANG_WARN_OBJC_IMPLICIT_RETAIN_SELF = YES;
				CLANG_WARN_OBJC_LITERAL_CONVERSION = YES;
				CLANG_WARN_OBJC_ROOT_CLASS = YES_ERROR;
				CLANG_WARN_QUOTED_INCLUDE_IN_FRAMEWORK_HEADER = YES;
				CLANG_WARN_RANGE_LOOP_ANALYSIS = YES;
				CLANG_WARN_STRICT_PROTOTYPES = YES;
				CLANG_WARN_SUSPICIOUS_MOVE = YES;
				CLANG_WARN_UNGUARDED_AVAILABILITY = YES_AGGRESSIVE;
				CLANG_WARN_UNREACHABLE_CODE = YES;
				CLANG_WARN__DUPLICATE_METHOD_MATCH = YES;
				COPY_PHASE_STRIP = NO;
				DEBUG_INFORMATION_FORMAT = dwarf;
				ENABLE_STRICT_OBJC_MSGSEND = YES;
				ENABLE_TESTABILITY = YES;
				GCC_C_LANGUAGE_STANDARD = gnu11;
				GCC_DYNAMIC_NO_PIC = NO;
				GCC_NO_COMMON_BLOCKS = YES;
				GCC_OPTIMIZATION_LEVEL = 0;
				GCC_PREPROCESSOR_DEFINITIONS = (
					"DEBUG=1",
					"$(inherited)",
				);
				GCC_WARN_64_TO_32_BIT_CONVERSION = YES;
				GCC_WARN_ABOUT_RETURN_TYPE = YES_ERROR;
				GCC_WARN_UNDECLARED_SELECTOR = YES;
				GCC_WARN_UNINITIALIZED_AUTOS = YES_AGGRESSIVE;
				GCC_WARN_UNUSED_FUNCTION = YES;
				GCC_WARN_UNUSED_VARIABLE = YES;
				IPHONEOS_DEPLOYMENT_TARGET = 16.1;
				MTL_ENABLE_DEBUG_INFO = INCLUDE_SOURCE;
				MTL_FAST_MATH = YES;
				ONLY_ACTIVE_ARCH = YES;
				SDKROOT = iphoneos;
				SWIFT_ACTIVE_COMPILATION_CONDITIONS = DEBUG;
				SWIFT_OPTIMIZATION_LEVEL = "-Onone";
			};
			name = Debug;
		};
		954FCC81293875E200F9BD75 /* Release */ = {
			isa = XCBuildConfiguration;
			buildSettings = {
				ALWAYS_SEARCH_USER_PATHS = NO;
				CLANG_ANALYZER_NONNULL = YES;
				CLANG_ANALYZER_NUMBER_OBJECT_CONVERSION = YES_AGGRESSIVE;
				CLANG_CXX_LANGUAGE_STANDARD = "gnu++20";
				CLANG_ENABLE_MODULES = YES;
				CLANG_ENABLE_OBJC_ARC = YES;
				CLANG_ENABLE_OBJC_WEAK = YES;
				CLANG_WARN_BLOCK_CAPTURE_AUTORELEASING = YES;
				CLANG_WARN_BOOL_CONVERSION = YES;
				CLANG_WARN_COMMA = YES;
				CLANG_WARN_CONSTANT_CONVERSION = YES;
				CLANG_WARN_DEPRECATED_OBJC_IMPLEMENTATIONS = YES;
				CLANG_WARN_DIRECT_OBJC_ISA_USAGE = YES_ERROR;
				CLANG_WARN_DOCUMENTATION_COMMENTS = YES;
				CLANG_WARN_EMPTY_BODY = YES;
				CLANG_WARN_ENUM_CONVERSION = YES;
				CLANG_WARN_INFINITE_RECURSION = YES;
				CLANG_WARN_INT_CONVERSION = YES;
				CLANG_WARN_NON_LITERAL_NULL_CONVERSION = YES;
				CLANG_WARN_OBJC_IMPLICIT_RETAIN_SELF = YES;
				CLANG_WARN_OBJC_LITERAL_CONVERSION = YES;
				CLANG_WARN_OBJC_ROOT_CLASS = YES_ERROR;
				CLANG_WARN_QUOTED_INCLUDE_IN_FRAMEWORK_HEADER = YES;
				CLANG_WARN_RANGE_LOOP_ANALYSIS = YES;
				CLANG_WARN_STRICT_PROTOTYPES = YES;
				CLANG_WARN_SUSPICIOUS_MOVE = YES;
				CLANG_WARN_UNGUARDED_AVAILABILITY = YES_AGGRESSIVE;
				CLANG_WARN_UNREACHABLE_CODE = YES;
				CLANG_WARN__DUPLICATE_METHOD_MATCH = YES;
				COPY_PHASE_STRIP = NO;
				DEBUG_INFORMATION_FORMAT = "dwarf-with-dsym";
				ENABLE_NS_ASSERTIONS = NO;
				ENABLE_STRICT_OBJC_MSGSEND = YES;
				GCC_C_LANGUAGE_STANDARD = gnu11;
				GCC_NO_COMMON_BLOCKS = YES;
				GCC_WARN_64_TO_32_BIT_CONVERSION = YES;
				GCC_WARN_ABOUT_RETURN_TYPE = YES_ERROR;
				GCC_WARN_UNDECLARED_SELECTOR = YES;
				GCC_WARN_UNINITIALIZED_AUTOS = YES_AGGRESSIVE;
				GCC_WARN_UNUSED_FUNCTION = YES;
				GCC_WARN_UNUSED_VARIABLE = YES;
				IPHONEOS_DEPLOYMENT_TARGET = 16.1;
				MTL_ENABLE_DEBUG_INFO = NO;
				MTL_FAST_MATH = YES;
				SDKROOT = iphoneos;
				SWIFT_COMPILATION_MODE = wholemodule;
				SWIFT_OPTIMIZATION_LEVEL = "-O";
				VALIDATE_PRODUCT = YES;
			};
			name = Release;
		};
		954FCC83293875E200F9BD75 /* Debug */ = {
			isa = XCBuildConfiguration;
			buildSettings = {
				ASSETCATALOG_COMPILER_APPICON_NAME = AppIcon;
				ASSETCATALOG_COMPILER_GLOBAL_ACCENT_COLOR_NAME = AccentColor;
				CODE_SIGN_STYLE = Automatic;
				CURRENT_PROJECT_VERSION = 1;
				DEVELOPMENT_ASSET_PATHS = "\"SwiftUI-clipShape-circle-capsule-ellipse-RoundRectagle-App/Preview Content\"";
				DEVELOPMENT_TEAM = 7X9S244452;
				ENABLE_PREVIEWS = YES;
				GENERATE_INFOPLIST_FILE = YES;
				INFOPLIST_KEY_UIApplicationSceneManifest_Generation = YES;
				INFOPLIST_KEY_UIApplicationSupportsIndirectInputEvents = YES;
				INFOPLIST_KEY_UILaunchScreen_Generation = YES;
				INFOPLIST_KEY_UISupportedInterfaceOrientations_iPad = "UIInterfaceOrientationPortrait UIInterfaceOrientationPortraitUpsideDown UIInterfaceOrientationLandscapeLeft UIInterfaceOrientationLandscapeRight";
				INFOPLIST_KEY_UISupportedInterfaceOrientations_iPhone = "UIInterfaceOrientationPortrait UIInterfaceOrientationLandscapeLeft UIInterfaceOrientationLandscapeRight";
				LD_RUNPATH_SEARCH_PATHS = (
					"$(inherited)",
					"@executable_path/Frameworks",
				);
				MARKETING_VERSION = 1.0;
				PRODUCT_BUNDLE_IDENTIFIER = "com.mkondo.SwiftUI-clipShape-circle-capsule-ellipse-RoundRectagle-App";
				PRODUCT_NAME = "$(TARGET_NAME)";
				SWIFT_EMIT_LOC_STRINGS = YES;
				SWIFT_VERSION = 5.0;
				TARGETED_DEVICE_FAMILY = "1,2";
			};
			name = Debug;
		};
		954FCC84293875E200F9BD75 /* Release */ = {
			isa = XCBuildConfiguration;
			buildSettings = {
				ASSETCATALOG_COMPILER_APPICON_NAME = AppIcon;
				ASSETCATALOG_COMPILER_GLOBAL_ACCENT_COLOR_NAME = AccentColor;
				CODE_SIGN_STYLE = Automatic;
				CURRENT_PROJECT_VERSION = 1;
				DEVELOPMENT_ASSET_PATHS = "\"SwiftUI-clipShape-circle-capsule-ellipse-RoundRectagle-App/Preview Content\"";
				DEVELOPMENT_TEAM = 7X9S244452;
				ENABLE_PREVIEWS = YES;
				GENERATE_INFOPLIST_FILE = YES;
				INFOPLIST_KEY_UIApplicationSceneManifest_Generation = YES;
				INFOPLIST_KEY_UIApplicationSupportsIndirectInputEvents = YES;
				INFOPLIST_KEY_UILaunchScreen_Generation = YES;
				INFOPLIST_KEY_UISupportedInterfaceOrientations_iPad = "UIInterfaceOrientationPortrait UIInterfaceOrientationPortraitUpsideDown UIInterfaceOrientationLandscapeLeft UIInterfaceOrientationLandscapeRight";
				INFOPLIST_KEY_UISupportedInterfaceOrientations_iPhone = "UIInterfaceOrientationPortrait UIInterfaceOrientationLandscapeLeft UIInterfaceOrientationLandscapeRight";
				LD_RUNPATH_SEARCH_PATHS = (
					"$(inherited)",
					"@executable_path/Frameworks",
				);
				MARKETING_VERSION = 1.0;
				PRODUCT_BUNDLE_IDENTIFIER = "com.mkondo.SwiftUI-clipShape-circle-capsule-ellipse-RoundRectagle-App";
				PRODUCT_NAME = "$(TARGET_NAME)";
				SWIFT_EMIT_LOC_STRINGS = YES;
				SWIFT_VERSION = 5.0;
				TARGETED_DEVICE_FAMILY = "1,2";
			};
			name = Release;
		};
		954FCC86293875E200F9BD75 /* Debug */ = {
			isa = XCBuildConfiguration;
			buildSettings = {
				ALWAYS_EMBED_SWIFT_STANDARD_LIBRARIES = YES;
				BUNDLE_LOADER = "$(TEST_HOST)";
				CODE_SIGN_STYLE = Automatic;
				CURRENT_PROJECT_VERSION = 1;
				DEVELOPMENT_TEAM = 7X9S244452;
				GENERATE_INFOPLIST_FILE = YES;
				IPHONEOS_DEPLOYMENT_TARGET = 16.1;
				MARKETING_VERSION = 1.0;
				PRODUCT_BUNDLE_IDENTIFIER = "com.mkondo.SwiftUI-clipShape-circle-capsule-ellipse-RoundRectagle-AppTests";
				PRODUCT_NAME = "$(TARGET_NAME)";
				SWIFT_EMIT_LOC_STRINGS = NO;
				SWIFT_VERSION = 5.0;
				TARGETED_DEVICE_FAMILY = "1,2";
				TEST_HOST = "$(BUILT_PRODUCTS_DIR)/SwiftUI-clipShape-circle-capsule-ellipse-RoundRectagle-App.app/$(BUNDLE_EXECUTABLE_FOLDER_PATH)/SwiftUI-clipShape-circle-capsule-ellipse-RoundRectagle-App";
			};
			name = Debug;
		};
		954FCC87293875E200F9BD75 /* Release */ = {
			isa = XCBuildConfiguration;
			buildSettings = {
				ALWAYS_EMBED_SWIFT_STANDARD_LIBRARIES = YES;
				BUNDLE_LOADER = "$(TEST_HOST)";
				CODE_SIGN_STYLE = Automatic;
				CURRENT_PROJECT_VERSION = 1;
				DEVELOPMENT_TEAM = 7X9S244452;
				GENERATE_INFOPLIST_FILE = YES;
				IPHONEOS_DEPLOYMENT_TARGET = 16.1;
				MARKETING_VERSION = 1.0;
				PRODUCT_BUNDLE_IDENTIFIER = "com.mkondo.SwiftUI-clipShape-circle-capsule-ellipse-RoundRectagle-AppTests";
				PRODUCT_NAME = "$(TARGET_NAME)";
				SWIFT_EMIT_LOC_STRINGS = NO;
				SWIFT_VERSION = 5.0;
				TARGETED_DEVICE_FAMILY = "1,2";
				TEST_HOST = "$(BUILT_PRODUCTS_DIR)/SwiftUI-clipShape-circle-capsule-ellipse-RoundRectagle-App.app/$(BUNDLE_EXECUTABLE_FOLDER_PATH)/SwiftUI-clipShape-circle-capsule-ellipse-RoundRectagle-App";
			};
			name = Release;
		};
		954FCC89293875E200F9BD75 /* Debug */ = {
			isa = XCBuildConfiguration;
			buildSettings = {
				ALWAYS_EMBED_SWIFT_STANDARD_LIBRARIES = YES;
				CODE_SIGN_STYLE = Automatic;
				CURRENT_PROJECT_VERSION = 1;
				DEVELOPMENT_TEAM = 7X9S244452;
				GENERATE_INFOPLIST_FILE = YES;
				MARKETING_VERSION = 1.0;
				PRODUCT_BUNDLE_IDENTIFIER = "com.mkondo.SwiftUI-clipShape-circle-capsule-ellipse-RoundRectagle-AppUITests";
				PRODUCT_NAME = "$(TARGET_NAME)";
				SWIFT_EMIT_LOC_STRINGS = NO;
				SWIFT_VERSION = 5.0;
				TARGETED_DEVICE_FAMILY = "1,2";
				TEST_TARGET_NAME = "SwiftUI-clipShape-circle-capsule-ellipse-RoundRectagle-App";
			};
			name = Debug;
		};
		954FCC8A293875E200F9BD75 /* Release */ = {
			isa = XCBuildConfiguration;
			buildSettings = {
				ALWAYS_EMBED_SWIFT_STANDARD_LIBRARIES = YES;
				CODE_SIGN_STYLE = Automatic;
				CURRENT_PROJECT_VERSION = 1;
				DEVELOPMENT_TEAM = 7X9S244452;
				GENERATE_INFOPLIST_FILE = YES;
				MARKETING_VERSION = 1.0;
				PRODUCT_BUNDLE_IDENTIFIER = "com.mkondo.SwiftUI-clipShape-circle-capsule-ellipse-RoundRectagle-AppUITests";
				PRODUCT_NAME = "$(TARGET_NAME)";
				SWIFT_EMIT_LOC_STRINGS = NO;
				SWIFT_VERSION = 5.0;
				TARGETED_DEVICE_FAMILY = "1,2";
				TEST_TARGET_NAME = "SwiftUI-clipShape-circle-capsule-ellipse-RoundRectagle-App";
			};
			name = Release;
		};
/* End XCBuildConfiguration section */

/* Begin XCConfigurationList section */
		954FCC59293875E000F9BD75 /* Build configuration list for PBXProject "SwiftUI-clipShape-circle-capsule-ellipse-RoundRectagle-App" */ = {
			isa = XCConfigurationList;
			buildConfigurations = (
				954FCC80293875E200F9BD75 /* Debug */,
				954FCC81293875E200F9BD75 /* Release */,
			);
			defaultConfigurationIsVisible = 0;
			defaultConfigurationName = Release;
		};
		954FCC82293875E200F9BD75 /* Build configuration list for PBXNativeTarget "SwiftUI-clipShape-circle-capsule-ellipse-RoundRectagle-App" */ = {
			isa = XCConfigurationList;
			buildConfigurations = (
				954FCC83293875E200F9BD75 /* Debug */,
				954FCC84293875E200F9BD75 /* Release */,
			);
			defaultConfigurationIsVisible = 0;
			defaultConfigurationName = Release;
		};
		954FCC85293875E200F9BD75 /* Build configuration list for PBXNativeTarget "SwiftUI-clipShape-circle-capsule-ellipse-RoundRectagle-AppTests" */ = {
			isa = XCConfigurationList;
			buildConfigurations = (
				954FCC86293875E200F9BD75 /* Debug */,
				954FCC87293875E200F9BD75 /* Release */,
			);
			defaultConfigurationIsVisible = 0;
			defaultConfigurationName = Release;
		};
		954FCC88293875E200F9BD75 /* Build configuration list for PBXNativeTarget "SwiftUI-clipShape-circle-capsule-ellipse-RoundRectagle-AppUITests" */ = {
			isa = XCConfigurationList;
			buildConfigurations = (
				954FCC89293875E200F9BD75 /* Debug */,
				954FCC8A293875E200F9BD75 /* Release */,
			);
			defaultConfigurationIsVisible = 0;
			defaultConfigurationName = Release;
		};
/* End XCConfigurationList section */
	};
	rootObject = 954FCC56293875E000F9BD75 /* Project object */;
}
